# This file was autogenerated by uv via the following command:
#    uv pip compile pyproject.toml --python-version 3.14 --all-extras --output-file requirements.lock --no-emit-package gguf-demo
absl-py==2.5.0
    # via rouge-score
accelerate==1.14.0
    # via
    #   gguf-demo (pyproject.toml)
    #   peft
aiohappyeyeballs==2.7.1
    # via aiohttp
aiohttp==3.14.3
    # via
    #   fsspec
    #   mlflow
aiosignal==1.4.0
    # via aiohttp
alembic==1.19.1
    # via mlflow
annotated-doc==0.0.5
    # via
    #   fastapi
    #   typer
annotated-types==0.8.0
    # via pydantic
anyio==4.14.2
    # via
    #   httpx
    #   langsmith
    #   starlette
asyncpg==0.31.0
    # via langchain-postgres
attrs==26.1.0
    # via aiohttp
bert-score==0.3.13
    # via gguf-demo (pyproject.toml)
bitsandbytes==0.50.1
    # via gguf-demo (pyproject.toml)
blinker==1.9.0
    # via flask
cachetools==7.1.7
    # via
    #   mlflow-skinny
    #   mlflow-tracing
certifi==2026.7.22
    # via
    #   httpcore
    #   httpx
    #   requests
cffi==2.1.1
    # via cryptography
charset-normalizer==3.5.1
    # via
    #   pdfminer-six
    #   requests
click==8.4.2
    # via
    #   gguf-demo (pyproject.toml)
    #   flask
    #   huggingface-hub
    #   mlflow-skinny
    #   nltk
    #   uvicorn
cloudpickle==3.1.2
    # via mlflow-skinny
contourpy==1.3.3
    # via matplotlib
cryptography==49.0.0
    # via
    #   google-auth
    #   mlflow
    #   pdfminer-six
cuda-bindings==13.3.1
    # via torch
cuda-pathfinder==1.6.0
    # via cuda-bindings
cuda-toolkit==13.0.3.0
    # via torch
cycler==0.12.1
    # via matplotlib
databricks-sdk==0.130.0
    # via
    #   mlflow-skinny
    #   mlflow-tracing
datasets==5.0.1
    # via gguf-demo (pyproject.toml)
defusedxml==0.7.1
    # via
    #   gguf-demo (pyproject.toml)
    #   nltk
dill==0.4.1
    # via
    #   datasets
    #   multiprocess
diskcache==5.6.3
    # via llama-cpp-python
distro==1.9.0
    # via langsmith
docker==7.2.0
    # via mlflow
fastapi==0.141.1
    # via mlflow-skinny
filelock==3.32.3
    # via
    #   datasets
    #   huggingface-hub
    #   torch
flask==3.1.3
    # via
    #   flask-cors
    #   mlflow
flask-cors==6.0.5
    # via mlflow
fonttools==4.63.0
    # via matplotlib
frozenlist==1.8.0
    # via
    #   aiohttp
    #   aiosignal
fsspec==2026.6.0
    # via
    #   datasets
    #   huggingface-hub
    #   torch
gitdb==4.0.12
    # via gitpython
gitpython==3.1.59
    # via mlflow-skinny
google-auth==2.56.3
    # via databricks-sdk
graphene==3.4.3
    # via mlflow
graphql-core==3.2.11
    # via
    #   graphene
    #   graphql-relay
graphql-relay==3.2.0
    # via graphene
greenlet==3.5.5
    # via sqlalchemy
gunicorn==26.0.0
    # via mlflow
h11==0.16.0
    # via
    #   httpcore
    #   uvicorn
hf-xet==1.6.0
    # via huggingface-hub
httpcore==1.0.9
    # via httpx
httpx==0.28.1
    # via
    #   datasets
    #   huggingface-hub
    #   langchain-core
    #   langsmith
huey==3.3.4
    # via mlflow
huggingface-hub==1.27.0
    # via
    #   gguf-demo (pyproject.toml)
    #   accelerate
    #   datasets
    #   langchain-huggingface
    #   peft
    #   sentence-transformers
    #   tokenizers
    #   transformers
idna==3.18
    # via
    #   anyio
    #   httpx
    #   requests
    #   yarl
importlib-metadata==9.0.0
    # via mlflow-skinny
iniconfig==2.3.0
    # via pytest
itsdangerous==2.2.0
    # via flask
jinja2==3.1.6
    # via
    #   flask
    #   llama-cpp-python
    #   torch
joblib==1.5.3
    # via
    #   nltk
    #   scikit-learn
jsonpatch==1.33
    # via langchain-core
jsonpointer==3.1.1
    # via jsonpatch
kiwisolver==1.5.0
    # via matplotlib
langchain-core==1.5.5
    # via
    #   gguf-demo (pyproject.toml)
    #   langchain-huggingface
    #   langchain-postgres
    #   langchain-text-splitters
langchain-huggingface==1.2.2
    # via gguf-demo (pyproject.toml)
langchain-postgres==0.0.17
    # via gguf-demo (pyproject.toml)
langchain-protocol==0.0.18
    # via langchain-core
langchain-text-splitters==1.1.2
    # via gguf-demo (pyproject.toml)
langsmith==0.11.0
    # via langchain-core
llama-cpp-python==0.3.34
    # via gguf-demo (pyproject.toml)
mako==1.4.1
    # via alembic
markdown-it-py==4.2.0
    # via rich
markupsafe==3.0.3
    # via
    #   flask
    #   jinja2
    #   mako
    #   werkzeug
matplotlib==3.11.1
    # via
    #   bert-score
    #   mlflow
mdurl==0.1.2
    # via markdown-it-py
mlflow==3.15.1
    # via gguf-demo (pyproject.toml)
mlflow-skinny==3.15.1
    # via mlflow
mlflow-tracing==3.15.1
    # via mlflow
mpmath==1.3.0
    # via sympy
multidict==6.7.1
    # via
    #   aiohttp
    #   yarl
multiprocess==0.70.19
    # via datasets
narwhals==2.24.0
    # via scikit-learn
networkx==3.6.1
    # via torch
nltk==3.10.3
    # via
    #   gguf-demo (pyproject.toml)
    #   rouge-score
numpy==2.5.2
    # via
    #   gguf-demo (pyproject.toml)
    #   accelerate
    #   bert-score
    #   bitsandbytes
    #   contourpy
    #   datasets
    #   langchain-postgres
    #   llama-cpp-python
    #   matplotlib
    #   mlflow
    #   pandas
    #   peft
    #   pgvector
    #   rouge-score
    #   scikit-learn
    #   scipy
    #   sentence-transformers
    #   skops
    #   transformers
nvidia-cublas==13.1.1.3
    # via
    #   cuda-toolkit
    #   nvidia-cudnn-cu13
    #   nvidia-cusolver
nvidia-cuda-cupti==13.0.85
    # via cuda-toolkit
nvidia-cuda-nvrtc==13.0.88
    # via
    #   cuda-toolkit
    #   nvidia-cublas
nvidia-cuda-runtime==13.0.96
    # via cuda-toolkit
nvidia-cudnn-cu13==9.20.0.48
    # via torch
nvidia-cufft==12.0.0.61
    # via cuda-toolkit
nvidia-cufile==1.15.1.6
    # via cuda-toolkit
nvidia-curand==10.4.0.35
    # via cuda-toolkit
nvidia-cusolver==12.0.4.66
    # via cuda-toolkit
nvidia-cusparse==12.6.3.3
    # via
    #   cuda-toolkit
    #   nvidia-cusolver
nvidia-cusparselt-cu13==0.8.1
    # via torch
nvidia-nccl-cu13==2.29.7
    # via torch
nvidia-nvjitlink==13.3.33
    # via
    #   cuda-toolkit
    #   nvidia-cufft
    #   nvidia-cusolver
    #   nvidia-cusparse
nvidia-nvshmem-cu13==3.4.5
    # via torch
nvidia-nvtx==13.0.85
    # via cuda-toolkit
opentelemetry-api==1.44.0
    # via
    #   mlflow-skinny
    #   mlflow-tracing
    #   opentelemetry-sdk
    #   opentelemetry-semantic-conventions
opentelemetry-proto==1.44.0
    # via
    #   mlflow-skinny
    #   mlflow-tracing
opentelemetry-sdk==1.44.0
    # via
    #   mlflow-skinny
    #   mlflow-tracing
opentelemetry-semantic-conventions==0.65b0
    # via opentelemetry-sdk
orjson==3.12.0
    # via langsmith
packaging==26.3
    # via
    #   accelerate
    #   bert-score
    #   bitsandbytes
    #   datasets
    #   gunicorn
    #   huggingface-hub
    #   langchain-core
    #   langsmith
    #   matplotlib
    #   mlflow-skinny
    #   mlflow-tracing
    #   peft
    #   pytest
    #   skops
    #   transformers
pandas==2.3.3
    # via
    #   gguf-demo (pyproject.toml)
    #   bert-score
    #   datasets
    #   mlflow
pdfminer-six==20260107
    # via pdfplumber
pdfplumber==0.11.10
    # via gguf-demo (pyproject.toml)
peft==0.20.0
    # via gguf-demo (pyproject.toml)
pgvector==0.3.6
    # via
    #   gguf-demo (pyproject.toml)
    #   langchain-postgres
pillow==12.3.0
    # via
    #   matplotlib
    #   pdfplumber
pluggy==1.6.0
    # via pytest
prettytable==3.18.0
    # via skops
prometheus-client==0.26.0
    # via gguf-demo (pyproject.toml)
propcache==0.5.2
    # via
    #   aiohttp
    #   yarl
protobuf==6.33.6
    # via
    #   databricks-sdk
    #   mlflow-skinny
    #   mlflow-tracing
    #   opentelemetry-proto
psutil==7.2.2
    # via
    #   accelerate
    #   peft
psycopg==3.3.4
    # via
    #   gguf-demo (pyproject.toml)
    #   langchain-postgres
psycopg-binary==3.3.4
    # via psycopg
psycopg-pool==3.3.1
    # via langchain-postgres
psycopg2-binary==2.9.12
    # via gguf-demo (pyproject.toml)
pyarrow==25.0.1
    # via
    #   datasets
    #   mlflow
pyasn1==0.6.4
    # via pyasn1-modules
pyasn1-modules==0.4.2
    # via google-auth
pycparser==3.0
    # via cffi
pydantic==2.13.4
    # via
    #   fastapi
    #   langchain-core
    #   langsmith
    #   mlflow-skinny
    #   mlflow-tracing
pydantic-core==2.46.4
    # via pydantic
pygments==2.20.0
    # via
    #   pytest
    #   rich
pyparsing==3.3.2
    # via matplotlib
pypdf==6.16.1
    # via gguf-demo (pyproject.toml)
pypdfium2==5.13.0
    # via pdfplumber
pytest==9.1.1
    # via gguf-demo (pyproject.toml)
python-dateutil==2.9.0.post0
    # via
    #   graphene
    #   matplotlib
    #   pandas
python-dotenv==1.2.2
    # via
    #   gguf-demo (pyproject.toml)
    #   mlflow-skinny
pytz==2026.3.post1
    # via pandas
pyyaml==6.0.3
    # via
    #   gguf-demo (pyproject.toml)
    #   accelerate
    #   datasets
    #   huggingface-hub
    #   langchain-core
    #   mlflow-skinny
    #   peft
    #   transformers
regex==2026.7.19
    # via
    #   nltk
    #   transformers
requests==2.34.2
    # via
    #   gguf-demo (pyproject.toml)
    #   bert-score
    #   databricks-sdk
    #   datasets
    #   docker
    #   langsmith
    #   mlflow-skinny
    #   requests-toolbelt
requests-toolbelt==1.0.0
    # via langsmith
rich==15.0.0
    # via
    #   gguf-demo (pyproject.toml)
    #   typer
rouge-score==0.1.2
    # via gguf-demo (pyproject.toml)
ruff==0.16.3
    # via gguf-demo (pyproject.toml)
safetensors==0.8.0
    # via
    #   accelerate
    #   peft
    #   transformers
scikit-learn==1.9.0
    # via
    #   mlflow
    #   sentence-transformers
    #   skops
scipy==1.18.0
    # via
    #   mlflow
    #   scikit-learn
    #   sentence-transformers
    #   skops
sentence-transformers==5.7.0
    # via gguf-demo (pyproject.toml)
setuptools==84.0.0
    # via torch
shellingham==1.5.4
    # via typer
six==1.17.0
    # via
    #   python-dateutil
    #   rouge-score
skops==0.14.0
    # via mlflow
smmap==5.0.3
    # via gitdb
sniffio==1.3.1
    # via langsmith
sqlalchemy==2.0.52
    # via
    #   gguf-demo (pyproject.toml)
    #   alembic
    #   langchain-postgres
    #   mlflow
sqlparse==0.6.0
    # via mlflow-skinny
starlette==1.6.0
    # via
    #   fastapi
    #   mlflow-skinny
sympy==1.14.0
    # via torch
tenacity==9.1.4
    # via langchain-core
threadpoolctl==3.6.0
    # via scikit-learn
tokenizers==0.22.2
    # via
    #   langchain-huggingface
    #   sentence-transformers
    #   transformers
torch==2.13.0
    # via
    #   gguf-demo (pyproject.toml)
    #   accelerate
    #   bert-score
    #   bitsandbytes
    #   peft
    #   sentence-transformers
tqdm==4.70.0
    # via
    #   gguf-demo (pyproject.toml)
    #   bert-score
    #   datasets
    #   huggingface-hub
    #   nltk
    #   peft
    #   sentence-transformers
    #   transformers
transformers==5.15.0
    # via
    #   gguf-demo (pyproject.toml)
    #   bert-score
    #   peft
    #   sentence-transformers
triton==3.7.1
    # via torch
typer==0.27.1
    # via transformers
typing-extensions==4.16.0
    # via
    #   alembic
    #   fastapi
    #   graphene
    #   huggingface-hub
    #   langchain-core
    #   langchain-protocol
    #   langsmith
    #   llama-cpp-python
    #   mlflow-skinny
    #   opentelemetry-api
    #   opentelemetry-sdk
    #   opentelemetry-semantic-conventions
    #   psycopg-pool
    #   pydantic
    #   pydantic-core
    #   sentence-transformers
    #   sqlalchemy
    #   torch
    #   typing-inspection
typing-inspection==0.4.4
    # via
    #   fastapi
    #   pydantic
tzdata==2026.3
    # via pandas
urllib3==2.7.0
    # via
    #   databricks-sdk
    #   docker
    #   requests
uuid-utils==0.17.0
    # via
    #   langchain-core
    #   langsmith
uvicorn==0.52.3
    # via mlflow-skinny
wcwidth==0.8.2
    # via prettytable
websockets==17.0.1
    # via langsmith
werkzeug==3.1.8
    # via
    #   flask
    #   flask-cors
xxhash==4.0.0
    # via
    #   datasets
    #   langsmith
yarl==1.24.5
    # via aiohttp
zipp==4.1.0
    # via importlib-metadata
zstandard==0.25.0
    # via langsmith
